
Microsoft Visual Studio Solution File, Format Version 12.00
# Visual Studio Version 16
VisualStudioVersion = 16.0.30717.126
MinimumVisualStudioVersion = 10.0.40219.1
Project("{FAE04EC0-301F-11D3-BF4B-00C04F79EFBC}") = "Vidly", "Vidly.csproj", "{FB9A1C10-CD91-4A0A-8A93-9FFF90297741}"
EndProject
Project("{FAE04EC0-301F-11D3-BF4B-00C04F79EFBC}") = "Vidly.Tests", "..\Vidly.Tests\Vidly.Tests.csproj", "{DC236A12-3D3D-4661-8443-70C09ADE1727}"
EndProject
Global
	GlobalSection(SolutionConfigurationPlatforms) = preSolution
		Debug|Any CPU = Debug|Any CPU
		Release|Any CPU = Release|Any CPU
	EndGlobalSection
	GlobalSection(ProjectConfigurationPlatforms) = postSolution
		{FB9A1C10-CD91-4A0A-8A93-9FFF90297741}.Debug|Any CPU.ActiveCfg = Debug|Any CPU
		{FB9A1C10-CD91-4A0A-8A93-9FFF90297741}.Debug|Any CPU.Build.0 = Debug|Any CPU
		{FB9A1C10-CD91-4A0A-8A93-9FFF90297741}.Release|Any CPU.ActiveCfg = Release|Any CPU
		{FB9A1C10-CD91-4A0A-8A93-9FFF90297741}.Release|Any CPU.Build.0 = Release|Any CPU
		{DC236A12-3D3D-4661-8443-70C09ADE1727}.Debug|Any CPU.ActiveCfg = Debug|Any CPU
		{DC236A12-3D3D-4661-8443-70C09ADE1727}.Debug|Any CPU.Build.0 = Debug|Any CPU
		{DC236A12-3D3D-4661-8443-70C09ADE1727}.Release|Any CPU.ActiveCfg = Release|Any CPU
		{DC236A12-3D3D-4661-8443-70C09ADE1727}.Release|Any CPU.Build.0 = Release|Any CPU
	EndGlobalSection
	GlobalSection(SolutionProperties) = preSolution
		HideSolutionNode = FALSE
	EndGlobalSection
	GlobalSection(ExtensibilityGlobals) = postSolution
		SolutionGuid = {888076DE-61C8-486A-AD87-8C509D2E3BCA}
	EndGlobalSection
EndGlobal
